# This file is automatically @generated by Cargo.
# It is not intended for manual editing.
version = 3

[[package]]
name = "jessie-ast"
version = "0.1.0"
dependencies = [
 "utils",
]

[[package]]
name = "jessie-parser"
version = "0.1.0"
dependencies = [
 "jessie-ast",
 "utils",
]

[[package]]
name = "utils"
version = "0.1.0"
